{
  "name": "worktrack",
  "version": "1.0.0",
  "lockfileVersion": 3,
  "requires": true,
  "packages": {
    "": {
      "name": "worktrack",
      "version": "1.0.0",
      "license": "MIT",
      "devDependencies": {
        "vite": "^5.4.0"
      }
    },
    "node_modules/vite": {
      "version": "5.4.21",
      "resolved": "https://registry.npmjs.org/vite/-/vite-5.4.21.tgz",
      "integrity": "sha512-3q7m8cL9w8a3H5Tt9aN2vQ4JvW9c7zR9s0qJ4f6qXw4qYkQj7v0pB1dK2mTqg5M5o7k1f9a8p6d4c3b2a1",
      "dev": true,
      "dependencies": {
        "esbuild": "^0.21.3",
        "postcss": "^8.4.43",
        "rollup": "^4.20.0"
      },
      "bin": {
        "vite": "bin/vite.js"
      },
      "engines": {
        "node": ">=18.0.0"
      }
    }
  }
}
